{
  "name": "practical-assessment",
  "version": "1.0.0",
  "lockfileVersion": 1,
  "requires": true,
  "dependencies": {
    "debug": {
      "version": "0.7.4",
      "resolved": "http://r.cnpmjs.org/debug/download/debug-0.7.4.tgz",
      "integrity": "sha1-BuHqgILCyxTjmAbiLi9vdX+Srzk="
    },
    "geolocation": {
      "version": "0.2.0",
      "resolved": "http://r.cnpmjs.org/geolocation/download/geolocation-0.2.0.tgz",
      "integrity": "sha1-aHd00Z9k8jD+b933y27gWCMnlrI=",
      "requires": {
        "debug": "~0.7.2",
        "inherits": "~2.0.0"
      }
    },
    "inherits": {
      "version": "2.0.4",
      "resolved": "http://r.cnpmjs.org/inherits/download/inherits-2.0.4.tgz",
      "integrity": "sha1-D6LGT5MpF8NDOg3tVTY6rjdBa3w="
    }
  }
}
